// !$*UTF8*$!
{
	archiveVersion = 1;
	classes = {
	};
	objectVersion = 46;
	objects = {

/* Begin PBXBuildFile section */
		0414C38E1CDC762D0064FB8B /* main.m in Sources */ = {isa = PBXBuildFile; fileRef = 0414C38D1CDC762D0064FB8B /* main.m */; };
		0414C3971CDC768D0064FB8B /* GCDAsyncSocket.m in Sources */ = {isa = PBXBuildFile; fileRef = 0414C3961CDC768D0064FB8B /* GCDAsyncSocket.m */; };
		0414C39A1CDC78CD0064FB8B /* ChatServer.m in Sources */ = {isa = PBXBuildFile; fileRef = 0414C3991CDC78CD0064FB8B /* ChatServer.m */; };
/* End PBXBuildFile section */

/* Begin PBXCopyFilesBuildPhase section */
		0414C3881CDC762D0064FB8B /* CopyFiles */ = {
			isa = PBXCopyFilesBuildPhase;
			buildActionMask = 2147483647;
			dstPath = /usr/share/man/man1/;
			dstSubfolderSpec = 0;
			files = (
			);
			runOnlyForDeploymentPostprocessing = 1;
		};
/* End PBXCopyFilesBuildPhase section */

/* Begin PBXFileReference section */
		040F40821CDCC2C10030A7D5 /* File */ = {isa = PBXFileReference; fileEncoding = 4; lastKnownFileType = text; path = File; sourceTree = "<group>"; };
		0414C38A1CDC762D0064FB8B /* SocketServerTest */ = {isa = PBXFileReference; explicitFileType = "compiled.mach-o.executable"; includeInIndex = 0; path = SocketServerTest; sourceTree = BUILT_PRODUCTS_DIR; };
		0414C38D1CDC762D0064FB8B /* main.m */ = {isa = PBXFileReference; lastKnownFileType = sourcecode.c.objc; path = main.m; sourceTree = "<group>"; };
		0414C3951CDC768D0064FB8B /* GCDAsyncSocket.h */ = {isa = PBXFileReference; fileEncoding = 4; lastKnownFileType = sourcecode.c.h; path = GCDAsyncSocket.h; sourceTree = "<group>"; };
		0414C3961CDC768D0064FB8B /* GCDAsyncSocket.m */ = {isa = PBXFileReference; fileEncoding = 4; lastKnownFileType = sourcecode.c.objc; path = GCDAsyncSocket.m; sourceTree = "<group>"; };
		0414C3981CDC78CD0064FB8B /* ChatServer.h */ = {isa = PBXFileReference; fileEncoding = 4; lastKnownFileType = sourcecode.c.h; path = ChatServer.h; sourceTree = "<group>"; };
		0414C3991CDC78CD0064FB8B /* ChatServer.m */ = {isa = PBXFileReference; fileEncoding = 4; lastKnownFileType = sourcecode.c.objc; path = ChatServer.m; sourceTree = "<group>"; };
/* End PBXFileReference section */

/* Begin PBXFrameworksBuildPhase section */
		0414C3871CDC762D0064FB8B /* Frameworks */ = {
			isa = PBXFrameworksBuildPhase;
			buildActionMask = 2147483647;
			files = (
			);
			runOnlyForDeploymentPostprocessing = 0;
		};
/* End PBXFrameworksBuildPhase section */

/* Begin PBXGroup section */
		0414C3811CDC762D0064FB8B = {
			isa = PBXGroup;
			children = (
				0414C38C1CDC762D0064FB8B /* SocketServerTest */,
				0414C38B1CDC762D0064FB8B /* Products */,
			);
			sourceTree = "<group>";
		};
		0414C38B1CDC762D0064FB8B /* Products */ = {
			isa = PBXGroup;
			children = (
				0414C38A1CDC762D0064FB8B /* SocketServerTest */,
			);
			name = Products;
			sourceTree = "<group>";
		};
		0414C38C1CDC762D0064FB8B /* SocketServerTest */ = {
			isa = PBXGroup;
			children = (
				0414C3941CDC763F0064FB8B /* tcp */,
				0414C38D1CDC762D0064FB8B /* main.m */,
				0414C3981CDC78CD0064FB8B /* ChatServer.h */,
				0414C3991CDC78CD0064FB8B /* ChatServer.m */,
				040F40821CDCC2C10030A7D5 /* File */,
			);
			path = SocketServerTest;
			sourceTree = "<group>";
		};
		0414C3941CDC763F0064FB8B /* tcp */ = {
			isa = PBXGroup;
			children = (
				0414C3951CDC768D0064FB8B /* GCDAsyncSocket.h */,
				0414C3961CDC768D0064FB8B /* GCDAsyncSocket.m */,
			);
			name = tcp;
			sourceTree = "<group>";
		};
/* End PBXGroup section */

/* Begin PBXNativeTarget section */
		0414C3891CDC762D0064FB8B /* SocketServerTest */ = {
			isa = PBXNativeTarget;
			buildConfigurationList = 0414C3911CDC762D0064FB8B /* Build configuration list for PBXNativeTarget "SocketServerTest" */;
			buildPhases = (
				0414C3861CDC762D0064FB8B /* Sources */,
				0414C3871CDC762D0064FB8B /* Frameworks */,
				0414C3881CDC762D0064FB8B /* CopyFiles */,
			);
			buildRules = (
			);
			dependencies = (
			);
			name = SocketServerTest;
			productName = SocketServerTest;
			productReference = 0414C38A1CDC762D0064FB8B /* SocketServerTest */;
			productType = "com.apple.product-type.tool";
		};
/* End PBXNativeTarget section */

/* Begin PBXProject section */
		0414C3821CDC762D0064FB8B /* Project object */ = {
			isa = PBXProject;
			attributes = {
				LastUpgradeCheck = 0710;
				ORGANIZATIONNAME = mac;
				TargetAttributes = {
					0414C3891CDC762D0064FB8B = {
						CreatedOnToolsVersion = 7.1;
					};
				};
			};
			buildConfigurationList = 0414C3851CDC762D0064FB8B /* Build configuration list for PBXProject "SocketServerTest" */;
			compatibilityVersion = "Xcode 3.2";
			developmentRegion = English;
			hasScannedForEncodings = 0;
			knownRegions = (
				en,
			);
			mainGroup = 0414C3811CDC762D0064FB8B;
			productRefGroup = 0414C38B1CDC762D0064FB8B /* Products */;
			projectDirPath = "";
			projectRoot = "";
			targets = (
				0414C3891CDC762D0064FB8B /* SocketServerTest */,
			);
		};
/* End PBXProject section */

/* Begin PBXSourcesBuildPhase section */
		0414C3861CDC762D0064FB8B /* Sources */ = {
			isa = PBXSourcesBuildPhase;
			buildActionMask = 2147483647;
			files = (
				0414C39A1CDC78CD0064FB8B /* ChatServer.m in Sources */,
				0414C3971CDC768D0064FB8B /* GCDAsyncSocket.m in Sources */,
				0414C38E1CDC762D0064FB8B /* main.m in Sources */,
			);
			runOnlyForDeploymentPostprocessing = 0;
		};
/* End PBXSourcesBuildPhase section */

/* Begin XCBuildConfiguration section */
		0414C38F1CDC762D0064FB8B /* Debug */ = {
			isa = XCBuildConfiguration;
			buildSettings = {
				ALWAYS_SEARCH_USER_PATHS = NO;
				CLANG_CXX_LANGUAGE_STANDARD = "gnu++0x";
				CLANG_CXX_LIBRARY = "libc++";
				CLANG_ENABLE_MODULES = YES;
				CLANG_ENABLE_OBJC_ARC = YES;
				CLANG_WARN_BOOL_CONVERSION = YES;
				CLANG_WARN_CONSTANT_CONVERSION = YES;
				CLANG_WARN_DIRECT_OBJC_ISA_USAGE = YES_ERROR;
				CLANG_WARN_EMPTY_BODY = YES;
				CLANG_WARN_ENUM_CONVERSION = YES;
				CLANG_WARN_INT_CONVERSION = YES;
				CLANG_WARN_OBJC_ROOT_CLASS = YES_ERROR;
				CLANG_WARN_UNREACHABLE_CODE = YES;
				CLANG_WARN__DUPLICATE_METHOD_MATCH = YES;
				CODE_SIGN_IDENTITY = "-";
				COPY_PHASE_STRIP = NO;
				DEBUG_INFORMATION_FORMAT = dwarf;
				ENABLE_STRICT_OBJC_MSGSEND = YES;
				ENABLE_TESTABILITY = YES;
				GCC_C_LANGUAGE_STANDARD = gnu99;
				GCC_DYNAMIC_NO_PIC = NO;
				GCC_NO_COMMON_BLOCKS = YES;
				GCC_OPTIMIZATION_LEVEL = 0;
				GCC_PREPROCESSOR_DEFINITIONS = (
					"DEBUG=1",
					"$(inherited)",
				);
				GCC_WARN_64_TO_32_BIT_CONVERSION = YES;
				GCC_WARN_ABOUT_RETURN_TYPE = YES_ERROR;
				GCC_WARN_UNDECLARED_SELECTOR = YES;
				GCC_WARN_UNINITIALIZED_AUTOS = YES_AGGRESSIVE;
				GCC_WARN_UNUSED_FUNCTION = YES;
				GCC_WARN_UNUSED_VARIABLE = YES;
				MACOSX_DEPLOYMENT_TARGET = 10.11;
				MTL_ENABLE_DEBUG_INFO = YES;
				ONLY_ACTIVE_ARCH = YES;
				SDKROOT = macosx;
			};
			name = Debug;
		};
		0414C3901CDC762D0064FB8B /* Release */ = {
			isa = XCBuildConfiguration;
			buildSettings = {
				ALWAYS_SEARCH_USER_PATHS = NO;
				CLANG_CXX_LANGUAGE_STANDARD = "gnu++0x";
				CLANG_CXX_LIBRARY = "libc++";
				CLANG_ENABLE_MODULES = YES;
				CLANG_ENABLE_OBJC_ARC = YES;
				CLANG_WARN_BOOL_CONVERSION = YES;
				CLANG_WARN_CONSTANT_CONVERSION = YES;
				CLANG_WARN_DIRECT_OBJC_ISA_USAGE = YES_ERROR;
				CLANG_WARN_EMPTY_BODY = YES;
				CLANG_WARN_ENUM_CONVERSION = YES;
				CLANG_WARN_INT_CONVERSION = YES;
				CLANG_WARN_OBJC_ROOT_CLASS = YES_ERROR;
				CLANG_WARN_UNREACHABLE_CODE = YES;
				CLANG_WARN__DUPLICATE_METHOD_MATCH = YES;
				CODE_SIGN_IDENTITY = "-";
				COPY_PHASE_STRIP = NO;
				DEBUG_INFORMATION_FORMAT = "dwarf-with-dsym";
				ENABLE_NS_ASSERTIONS = NO;
				ENABLE_STRICT_OBJC_MSGSEND = YES;
				GCC_C_LANGUAGE_STANDARD = gnu99;
				GCC_NO_COMMON_BLOCKS = YES;
				GCC_WARN_64_TO_32_BIT_CONVERSION = YES;
				GCC_WARN_ABOUT_RETURN_TYPE = YES_ERROR;
				GCC_WARN_UNDECLARED_SELECTOR = YES;
				GCC_WARN_UNINITIALIZED_AUTOS = YES_AGGRESSIVE;
				GCC_WARN_UNUSED_FUNCTION = YES;
				GCC_WARN_UNUSED_VARIABLE = YES;
				MACOSX_DEPLOYMENT_TARGET = 10.11;
				MTL_ENABLE_DEBUG_INFO = NO;
				SDKROOT = macosx;
			};
			name = Release;
		};
		0414C3921CDC762D0064FB8B /* Debug */ = {
			isa = XCBuildConfiguration;
			buildSettings = {
				PRODUCT_NAME = "$(TARGET_NAME)";
			};
			name = Debug;
		};
		0414C3931CDC762D0064FB8B /* Release */ = {
			isa = XCBuildConfiguration;
			buildSettings = {
				PRODUCT_NAME = "$(TARGET_NAME)";
			};
			name = Release;
		};
/* End XCBuildConfiguration section */

/* Begin XCConfigurationList section */
		0414C3851CDC762D0064FB8B /* Build configuration list for PBXProject "SocketServerTest" */ = {
			isa = XCConfigurationList;
			buildConfigurations = (
				0414C38F1CDC762D0064FB8B /* Debug */,
				0414C3901CDC762D0064FB8B /* Release */,
			);
			defaultConfigurationIsVisible = 0;
			defaultConfigurationName = Release;
		};
		0414C3911CDC762D0064FB8B /* Build configuration list for PBXNativeTarget "SocketServerTest" */ = {
			isa = XCConfigurationList;
			buildConfigurations = (
				0414C3921CDC762D0064FB8B /* Debug */,
				0414C3931CDC762D0064FB8B /* Release */,
			);
			defaultConfigurationIsVisible = 0;
			defaultConfigurationName = Release;
		};
/* End XCConfigurationList section */
	};
	rootObject = 0414C3821CDC762D0064FB8B /* Project object */;
}
